
Microsoft Visual Studio Solution File, Format Version 12.00
# Visual Studio Version 17
VisualStudioVersion = 17.3.32922.545
MinimumVisualStudioVersion = 10.0.40219.1
Project("{FAE04EC0-301F-11D3-BF4B-00C04F79EFBC}") = "Sell Machine", "Sell Machine\Sell Machine.csproj", "{B66E3E67-53A9-4DC3-AD1B-FFBF87E906C9}"
EndProject
Global
	GlobalSection(SolutionConfigurationPlatforms) = preSolution
		Debug|Any CPU = Debug|Any CPU
		Release|Any CPU = Release|Any CPU
	EndGlobalSection
	GlobalSection(ProjectConfigurationPlatforms) = postSolution
		{B66E3E67-53A9-4DC3-AD1B-FFBF87E906C9}.Debug|Any CPU.ActiveCfg = Debug|Any CPU
		{B66E3E67-53A9-4DC3-AD1B-FFBF87E906C9}.Debug|Any CPU.Build.0 = Debug|Any CPU
		{B66E3E67-53A9-4DC3-AD1B-FFBF87E906C9}.Release|Any CPU.ActiveCfg = Release|Any CPU
		{B66E3E67-53A9-4DC3-AD1B-FFBF87E906C9}.Release|Any CPU.Build.0 = Release|Any CPU
	EndGlobalSection
	GlobalSection(SolutionProperties) = preSolution
		HideSolutionNode = FALSE
	EndGlobalSection
	GlobalSection(ExtensibilityGlobals) = postSolution
		SolutionGuid = {117DC8A2-1846-4DB4-8357-C0E259830BD0}
	EndGlobalSection
EndGlobal
